{
  "name": "miniprogram",
  "lockfileVersion": 2,
  "requires": true,
  "packages": {
    "": {
      "dependencies": {
        "@vant/weapp": "^1.5.2",
        "dateformat": "^3.0.3",
        "lodash": "^4.17.21",
        "spa-custom-hooks": "^1.2.6",
        "weapp-qrcode": "^1.0.0",
        "weapp-qrcode-canvas-2d": "^1.1.2"
      }
    },
    "node_modules/@vant/weapp": {
      "version": "1.10.5",
      "resolved": "https://registry.npmjs.org/@vant/weapp/-/weapp-1.10.5.tgz",
      "integrity": "sha512-bAHp9r0ZiRsOqPOLzQHI/ZvkAlXzol1/TFhM70MyghuxkzJTjcDUd8RIfLkCN3c1MCK/PfBGw2an8/afygftCg=="
    },
    "node_modules/dateformat": {
      "version": "3.0.3",
      "resolved": "https://registry.npmjs.org/dateformat/-/dateformat-3.0.3.tgz",
      "integrity": "sha512-jyCETtSl3VMZMWeRo7iY1FL19ges1t55hMo5yaam4Jrsm5EPL89UQkoQRyiI+Yf4k8r2ZpdngkV8hr1lIdjb3Q==",
      "engines": {
        "node": "*"
      }
    },
    "node_modules/extend": {
      "version": "3.0.2",
      "resolved": "https://registry.npmmirror.com/extend/-/extend-3.0.2.tgz",
      "integrity": "sha512-fjquC59cD7CyW6urNXK0FBufkZcoiGG80wTuPujX590cB5Ttln20E2UB4S/WARVqhXffZl2LNgS+gQdPIIim/g=="
    },
    "node_modules/lodash": {
      "version": "4.17.21",
      "resolved": "https://registry.npmmirror.com/lodash/-/lodash-4.17.21.tgz",
      "integrity": "sha512-v2kDEe57lecTulaDIuNTPy3Ry4gLGJ6Z1O3vE1krgXZNrsQ+LFTGHVxVjcXPs17LhbZVGedAJv8XZ1tvj5FvSg=="
    },
    "node_modules/spa-custom-hooks": {
      "version": "1.2.6",
      "resolved": "https://registry.npmjs.org/spa-custom-hooks/-/spa-custom-hooks-1.2.6.tgz",
      "integrity": "sha512-3tqRMM969eAU0QPjHASAFJ5h1qyMHtpBvZNb+2O3h53+5oxAVrnTemIxrYc2AlBdw4JSXB5X2EGXJyZYEWiWkg=="
    },
    "node_modules/weapp-qrcode": {
      "version": "1.0.0",
      "resolved": "https://registry.npmmirror.com/weapp-qrcode/-/weapp-qrcode-1.0.0.tgz",
      "integrity": "sha512-4sa3W0rGDVJ9QaeZpAKlAuUxVyjhDwiUqHyGK/jJMsRMXnhb4yO8qWU/pZruMo+iT5J6CraS67lDMFb1VY+RaA==",
      "dependencies": {
        "extend": "^3.0.2"
      }
    },
    "node_modules/weapp-qrcode-canvas-2d": {
      "version": "1.1.2",
      "resolved": "https://registry.npmjs.org/weapp-qrcode-canvas-2d/-/weapp-qrcode-canvas-2d-1.1.2.tgz",
      "integrity": "sha512-HQef+xpZiiWDcq8aLZdXnVdNljoYsEWiEKiBYnAnfgqXTeYfC8ApzoB9pMI5mnPFbhtu5xCi8oId1g/86uUl8Q=="
    }
  },
  "dependencies": {
    "@vant/weapp": {
      "version": "1.10.5",
      "resolved": "https://registry.npmjs.org/@vant/weapp/-/weapp-1.10.5.tgz",
      "integrity": "sha512-bAHp9r0ZiRsOqPOLzQHI/ZvkAlXzol1/TFhM70MyghuxkzJTjcDUd8RIfLkCN3c1MCK/PfBGw2an8/afygftCg=="
    },
    "dateformat": {
      "version": "3.0.3",
      "resolved": "https://registry.npmjs.org/dateformat/-/dateformat-3.0.3.tgz",
      "integrity": "sha512-jyCETtSl3VMZMWeRo7iY1FL19ges1t55hMo5yaam4Jrsm5EPL89UQkoQRyiI+Yf4k8r2ZpdngkV8hr1lIdjb3Q=="
    },
    "extend": {
      "version": "3.0.2",
      "resolved": "https://registry.npmmirror.com/extend/-/extend-3.0.2.tgz",
      "integrity": "sha512-fjquC59cD7CyW6urNXK0FBufkZcoiGG80wTuPujX590cB5Ttln20E2UB4S/WARVqhXffZl2LNgS+gQdPIIim/g=="
    },
    "lodash": {
      "version": "4.17.21",
      "resolved": "https://registry.npmmirror.com/lodash/-/lodash-4.17.21.tgz",
      "integrity": "sha512-v2kDEe57lecTulaDIuNTPy3Ry4gLGJ6Z1O3vE1krgXZNrsQ+LFTGHVxVjcXPs17LhbZVGedAJv8XZ1tvj5FvSg=="
    },
    "spa-custom-hooks": {
      "version": "1.2.6",
      "resolved": "https://registry.npmjs.org/spa-custom-hooks/-/spa-custom-hooks-1.2.6.tgz",
      "integrity": "sha512-3tqRMM969eAU0QPjHASAFJ5h1qyMHtpBvZNb+2O3h53+5oxAVrnTemIxrYc2AlBdw4JSXB5X2EGXJyZYEWiWkg=="
    },
    "weapp-qrcode": {
      "version": "1.0.0",
      "resolved": "https://registry.npmmirror.com/weapp-qrcode/-/weapp-qrcode-1.0.0.tgz",
      "integrity": "sha512-4sa3W0rGDVJ9QaeZpAKlAuUxVyjhDwiUqHyGK/jJMsRMXnhb4yO8qWU/pZruMo+iT5J6CraS67lDMFb1VY+RaA==",
      "requires": {
        "extend": "^3.0.2"
      }
    },
    "weapp-qrcode-canvas-2d": {
      "version": "1.1.2",
      "resolved": "https://registry.npmjs.org/weapp-qrcode-canvas-2d/-/weapp-qrcode-canvas-2d-1.1.2.tgz",
      "integrity": "sha512-HQef+xpZiiWDcq8aLZdXnVdNljoYsEWiEKiBYnAnfgqXTeYfC8ApzoB9pMI5mnPFbhtu5xCi8oId1g/86uUl8Q=="
    }
  }
}
