{
  "name": "miniprogram",
  "lockfileVersion": 2,
  "requires": true,
  "packages": {
    "": {
      "dependencies": {
        "@vant/weapp": "^1.5.2",
        "spa-custom-hooks": "^1.2.6"
      }
    },
    "node_modules/@vant/weapp": {
      "version": "1.10.5",
      "resolved": "https://registry.npmjs.org/@vant/weapp/-/weapp-1.10.5.tgz",
      "integrity": "sha512-bAHp9r0ZiRsOqPOLzQHI/ZvkAlXzol1/TFhM70MyghuxkzJTjcDUd8RIfLkCN3c1MCK/PfBGw2an8/afygftCg=="
    },
    "node_modules/spa-custom-hooks": {
      "version": "1.2.6",
      "resolved": "https://registry.npmjs.org/spa-custom-hooks/-/spa-custom-hooks-1.2.6.tgz",
      "integrity": "sha512-3tqRMM969eAU0QPjHASAFJ5h1qyMHtpBvZNb+2O3h53+5oxAVrnTemIxrYc2AlBdw4JSXB5X2EGXJyZYEWiWkg=="
    }
  },
  "dependencies": {
    "@vant/weapp": {
      "version": "1.10.5",
      "resolved": "https://registry.npmjs.org/@vant/weapp/-/weapp-1.10.5.tgz",
      "integrity": "sha512-bAHp9r0ZiRsOqPOLzQHI/ZvkAlXzol1/TFhM70MyghuxkzJTjcDUd8RIfLkCN3c1MCK/PfBGw2an8/afygftCg=="
    },
    "spa-custom-hooks": {
      "version": "1.2.6",
      "resolved": "https://registry.npmjs.org/spa-custom-hooks/-/spa-custom-hooks-1.2.6.tgz",
      "integrity": "sha512-3tqRMM969eAU0QPjHASAFJ5h1qyMHtpBvZNb+2O3h53+5oxAVrnTemIxrYc2AlBdw4JSXB5X2EGXJyZYEWiWkg=="
    }
  }
}
